
Microsoft Visual Studio Solution File, Format Version 12.00
# Visual Studio Version 17
VisualStudioVersion = 17.3.32901.215
MinimumVisualStudioVersion = 10.0.40219.1
Project("{FAE04EC0-301F-11D3-BF4B-00C04F79EFBC}") = "EmployeePortal", "EmployeePortal\EmployeePortal.csproj", "{023A5353-CE8E-4536-AD24-E345BA13FFA9}"
EndProject
Project("{FAE04EC0-301F-11D3-BF4B-00C04F79EFBC}") = "Domain", "Domain\Domain.csproj", "{262AE4B4-3672-4602-8B6B-E21D4188CF38}"
EndProject
Project("{FAE04EC0-301F-11D3-BF4B-00C04F79EFBC}") = "Application", "Application\Application.csproj", "{FB5ED2F0-8ABF-4759-AA63-07FF5EFF2F67}"
EndProject
Project("{FAE04EC0-301F-11D3-BF4B-00C04F79EFBC}") = "Infrastructure", "Infrastructure\Infrastructure.csproj", "{99EC27EA-BB80-4C27-896C-E9CDC2CB8809}"
EndProject
Global
	GlobalSection(SolutionConfigurationPlatforms) = preSolution
		Debug|Any CPU = Debug|Any CPU
		Release|Any CPU = Release|Any CPU
	EndGlobalSection
	GlobalSection(ProjectConfigurationPlatforms) = postSolution
		{023A5353-CE8E-4536-AD24-E345BA13FFA9}.Debug|Any CPU.ActiveCfg = Debug|Any CPU
		{023A5353-CE8E-4536-AD24-E345BA13FFA9}.Debug|Any CPU.Build.0 = Debug|Any CPU
		{023A5353-CE8E-4536-AD24-E345BA13FFA9}.Release|Any CPU.ActiveCfg = Release|Any CPU
		{023A5353-CE8E-4536-AD24-E345BA13FFA9}.Release|Any CPU.Build.0 = Release|Any CPU
		{262AE4B4-3672-4602-8B6B-E21D4188CF38}.Debug|Any CPU.ActiveCfg = Debug|Any CPU
		{262AE4B4-3672-4602-8B6B-E21D4188CF38}.Debug|Any CPU.Build.0 = Debug|Any CPU
		{262AE4B4-3672-4602-8B6B-E21D4188CF38}.Release|Any CPU.ActiveCfg = Release|Any CPU
		{262AE4B4-3672-4602-8B6B-E21D4188CF38}.Release|Any CPU.Build.0 = Release|Any CPU
		{FB5ED2F0-8ABF-4759-AA63-07FF5EFF2F67}.Debug|Any CPU.ActiveCfg = Debug|Any CPU
		{FB5ED2F0-8ABF-4759-AA63-07FF5EFF2F67}.Debug|Any CPU.Build.0 = Debug|Any CPU
		{FB5ED2F0-8ABF-4759-AA63-07FF5EFF2F67}.Release|Any CPU.ActiveCfg = Release|Any CPU
		{FB5ED2F0-8ABF-4759-AA63-07FF5EFF2F67}.Release|Any CPU.Build.0 = Release|Any CPU
		{99EC27EA-BB80-4C27-896C-E9CDC2CB8809}.Debug|Any CPU.ActiveCfg = Debug|Any CPU
		{99EC27EA-BB80-4C27-896C-E9CDC2CB8809}.Debug|Any CPU.Build.0 = Debug|Any CPU
		{99EC27EA-BB80-4C27-896C-E9CDC2CB8809}.Release|Any CPU.ActiveCfg = Release|Any CPU
		{99EC27EA-BB80-4C27-896C-E9CDC2CB8809}.Release|Any CPU.Build.0 = Release|Any CPU
	EndGlobalSection
	GlobalSection(SolutionProperties) = preSolution
		HideSolutionNode = FALSE
	EndGlobalSection
	GlobalSection(ExtensibilityGlobals) = postSolution
		SolutionGuid = {9CB30696-7B24-4DAF-B3FD-1FD34E6EB848}
	EndGlobalSection
EndGlobal
